<?xml version="1.0" encoding="utf-8"?>
<Project ToolsVersion="4.0" xmlns="http://schemas.microsoft.com/developer/msbuild/2003">
  <ItemGroup>
    <Filter Include="Source Files">
      <UniqueIdentifier>{4FC737F1-C7A5-4376-A066-2A32D752A2FF}</UniqueIdentifier>
      <Extensions>qml;cpp;c;cc;cxx;def;odl;idl;hpj;bat;asm;asmx</Extensions>
    </Filter>
    <Filter Include="Header Files">
      <UniqueIdentifier>{93995380-89BD-4b04-88EB-625FBE52EBFB}</UniqueIdentifier>
      <Extensions>h;hh;hpp;hxx;hm;inl;inc;xsd</Extensions>
    </Filter>
    <Filter Include="Resource Files">
      <UniqueIdentifier>{67DA6AB6-F800-4c08-8B7A-83BB121AAD01}</UniqueIdentifier>
      <Extensions>qrc;rc;ico;cur;bmp;dlg;rc2;rct;bin;rgs;gif;jpg;jpeg;jpe;resx;tiff;tif;png;wav;mfcribbon-ms</Extensions>
    </Filter>
    <Filter Include="Translation Files">
      <UniqueIdentifier>{639EADAA-A684-42e4-A9AD-28FC9BCB8F7C}</UniqueIdentifier>
      <Extensions>ts</Extensions>
    </Filter>
    <Filter Include="Ui Files">
      <UniqueIdentifier>{4a417a02-92a8-443b-9444-bd017484f679}</UniqueIdentifier>
    </Filter>
    <Filter Include="Header Files\Controller">
      <UniqueIdentifier>{00c6b3fb-61a5-438f-b136-c19fc5faea2f}</UniqueIdentifier>
    </Filter>
    <Filter Include="Header Files\Model">
      <UniqueIdentifier>{9b82b4b2-3061-4f1f-bae1-7e2820387004}</UniqueIdentifier>
    </Filter>
    <Filter Include="Header Files\View">
      <UniqueIdentifier>{c6c36d62-2b6d-4cc6-86f3-7e9495406215}</UniqueIdentifier>
    </Filter>
    <Filter Include="Source Files\Controller">
      <UniqueIdentifier>{056aa256-72bb-42bb-89e7-99e781ff790a}</UniqueIdentifier>
    </Filter>
    <Filter Include="Source Files\Model">
      <UniqueIdentifier>{8e2d35d2-7906-4e0a-848d-14163acc6dbd}</UniqueIdentifier>
    </Filter>
    <Filter Include="Source Files\View">
      <UniqueIdentifier>{37e0e533-bc62-4c75-b4c7-92d5a1389bf0}</UniqueIdentifier>
    </Filter>
    <Filter Include="Source Files\Model\Repositories">
      <UniqueIdentifier>{40ff9e11-92df-4c25-8754-f46b7d8eee59}</UniqueIdentifier>
    </Filter>
    <Filter Include="Header Files\Model\Repositories">
      <UniqueIdentifier>{4fbe5e9e-7aab-4aa6-9cb5-11ebcd4871ed}</UniqueIdentifier>
    </Filter>
  </ItemGroup>
  <ItemGroup>
    <QtRcc Include="BudgetManagementQtVS.qrc">
      <Filter>Resource Files</Filter>
    </QtRcc>
  </ItemGroup>
  <ItemGroup>
    <ClCompile Include="main.cpp">
      <Filter>Source Files</Filter>
    </ClCompile>
    <ClCompile Include="Controller\BaseController.cpp">
      <Filter>Source Files\Controller</Filter>
    </ClCompile>
    <ClCompile Include="Controller\CategorySelectionController.cpp">
      <Filter>Source Files\Controller</Filter>
    </ClCompile>
    <ClCompile Include="Model\TransactionBuilder.cpp">
      <Filter>Source Files\Model</Filter>
    </ClCompile>
    <ClCompile Include="Model\Transaction.cpp">
      <Filter>Source Files\Model</Filter>
    </ClCompile>
    <ClCompile Include="Model\Category.cpp">
      <Filter>Source Files\Model</Filter>
    </ClCompile>
    <ClCompile Include="Model\DatabaseManager.cpp">
      <Filter>Source Files\Model</Filter>
    </ClCompile>
    <ClCompile Include="View\CategorySelectionView.cpp">
      <Filter>Source Files\View</Filter>
    </ClCompile>
    <ClCompile Include="View\LoginDialogView.cpp">
      <Filter>Source Files\View</Filter>
    </ClCompile>
    <ClCompile Include="View\ProfileDialogView.cpp">
      <Filter>Source Files\View</Filter>
    </ClCompile>
    <ClCompile Include="View\TransactionWindowView.cpp">
      <Filter>Source Files\View</Filter>
    </ClCompile>
    <ClCompile Include="Controller\TransactionController.cpp">
      <Filter>Source Files\Controller</Filter>
    </ClCompile>
    <ClCompile Include="Controller\UserController.cpp">
      <Filter>Source Files\Controller</Filter>
    </ClCompile>
    <ClCompile Include="Controller\ProfileController.cpp">
      <Filter>Source Files\Controller</Filter>
    </ClCompile>
    <ClCompile Include="Model\User.cpp">
      <Filter>Source Files\Model</Filter>
    </ClCompile>
    <ClCompile Include="Model\Profile.cpp">
      <Filter>Source Files\Model</Filter>
    </ClCompile>
    <ClCompile Include="Model\Repositories\CategoryRepository.cpp">
      <Filter>Source Files\Model\Repositories</Filter>
    </ClCompile>
    <ClCompile Include="Model\Repositories\ProfileRepository.cpp">
      <Filter>Source Files\Model\Repositories</Filter>
    </ClCompile>
    <ClCompile Include="Model\Repositories\TransactionRepository.cpp">
      <Filter>Source Files\Model\Repositories</Filter>
    </ClCompile>
    <ClCompile Include="Model\Repositories\UserRepository.cpp">
      <Filter>Source Files\Model\Repositories</Filter>
    </ClCompile>
    <ClCompile Include="Model\Repositories\BaseRepository.cpp">
      <Filter>Source Files\Model\Repositories</Filter>
    </ClCompile>
    <ClCompile Include="Controller\ControllerManager.cpp">
      <Filter>Source Files\Controller</Filter>
    </ClCompile>
  </ItemGroup>
  <ItemGroup>
    <ClInclude Include="Model\Transaction.h">
      <Filter>Header Files\Model</Filter>
    </ClInclude>
    <ClInclude Include="Model\TransactionBuilder.h">
      <Filter>Header Files\Model</Filter>
    </ClInclude>
    <ClInclude Include="Model\DatabaseManager.h">
      <Filter>Header Files\Model</Filter>
    </ClInclude>
    <ClInclude Include="Model\Category.h">
      <Filter>Header Files\Model</Filter>
    </ClInclude>
    <ClInclude Include="Model\User.h">
      <Filter>Header Files\Model</Filter>
    </ClInclude>
    <ClInclude Include="Model\Profile.h">
      <Filter>Header Files\Model</Filter>
    </ClInclude>
    <ClInclude Include="Model\Repositories\CategoryRepository.h">
      <Filter>Header Files\Model\Repositories</Filter>
    </ClInclude>
    <ClInclude Include="Model\Repositories\ProfileRepository.h">
      <Filter>Header Files\Model\Repositories</Filter>
    </ClInclude>
    <ClInclude Include="Model\Repositories\TransactionRepository.h">
      <Filter>Header Files\Model\Repositories</Filter>
    </ClInclude>
    <ClInclude Include="Model\Repositories\UserRepository.h">
      <Filter>Header Files\Model\Repositories</Filter>
    </ClInclude>
    <ClInclude Include="Model\Repositories\BaseRepository.h">
      <Filter>Header Files\Model\Repositories</Filter>
    </ClInclude>
  </ItemGroup>
  <ItemGroup>
    <QtUic Include="ProfileDialogView.ui">
      <Filter>Ui Files</Filter>
    </QtUic>
    <QtUic Include="LoginDialogView.ui">
      <Filter>Ui Files</Filter>
    </QtUic>
    <QtUic Include="CategorySelectionView.ui" />
    <QtUic Include="TransactionWindowView.ui" />
  </ItemGroup>
  <ItemGroup>
    <QtMoc Include="Controller\BaseController.h">
      <Filter>Header Files\Controller</Filter>
    </QtMoc>
    <QtMoc Include="Controller\CategorySelectionController.h">
      <Filter>Header Files\Controller</Filter>
    </QtMoc>
    <QtMoc Include="View\TransactionWindowView.h">
      <Filter>Header Files\View</Filter>
    </QtMoc>
    <QtMoc Include="View\ProfileDialogView.h">
      <Filter>Header Files\View</Filter>
    </QtMoc>
    <QtMoc Include="View\LoginDialogView.h">
      <Filter>Header Files\View</Filter>
    </QtMoc>
    <QtMoc Include="View\CategorySelectionView.h">
      <Filter>Header Files\View</Filter>
    </QtMoc>
    <QtMoc Include="Controller\ControllerManager.h">
      <Filter>Header Files\Controller</Filter>
    </QtMoc>
    <QtMoc Include="Controller\ProfileController.h">
      <Filter>Header Files\Controller</Filter>
    </QtMoc>
    <QtMoc Include="Controller\TransactionController.h">
      <Filter>Header Files\Controller</Filter>
    </QtMoc>
    <QtMoc Include="Controller\UserController.h">
      <Filter>Header Files\Controller</Filter>
    </QtMoc>
  </ItemGroup>
</Project>