<?xml version="1.0" encoding="utf-8"?>
<Project ToolsVersion="4.0" xmlns="http://schemas.microsoft.com/developer/msbuild/2003">
  <ItemGroup>
    <Filter Include="Source Files">
      <UniqueIdentifier>{4FC737F1-C7A5-4376-A066-2A32D752A2FF}</UniqueIdentifier>
      <Extensions>qml;cpp;c;cc;cxx;def;odl;idl;hpj;bat;asm;asmx</Extensions>
    </Filter>
    <Filter Include="Header Files">
      <UniqueIdentifier>{93995380-89BD-4b04-88EB-625FBE52EBFB}</UniqueIdentifier>
      <Extensions>h;hh;hpp;hxx;hm;inl;inc;xsd</Extensions>
    </Filter>
    <Filter Include="Resource Files">
      <UniqueIdentifier>{67DA6AB6-F800-4c08-8B7A-83BB121AAD01}</UniqueIdentifier>
      <Extensions>qrc;rc;ico;cur;bmp;dlg;rc2;rct;bin;rgs;gif;jpg;jpeg;jpe;resx;tiff;tif;png;wav;mfcribbon-ms</Extensions>
    </Filter>
    <Filter Include="Translation Files">
      <UniqueIdentifier>{639EADAA-A684-42e4-A9AD-28FC9BCB8F7C}</UniqueIdentifier>
      <Extensions>ts</Extensions>
    </Filter>
    <Filter Include="Ui Files">
      <UniqueIdentifier>{4a417a02-92a8-443b-9444-bd017484f679}</UniqueIdentifier>
    </Filter>
  </ItemGroup>
  <ItemGroup>
    <QtRcc Include="BudgetManagementQtVS.qrc">
      <Filter>Resource Files</Filter>
    </QtRcc>
  </ItemGroup>
  <ItemGroup>
    <ClCompile Include="main.cpp">
      <Filter>Source Files</Filter>
    </ClCompile>
    <ClCompile Include="Controller\Controller.cpp">
      <Filter>Source Files</Filter>
    </ClCompile>
    <ClCompile Include="Model\DatabaseManager.cpp">
      <Filter>Source Files</Filter>
    </ClCompile>
    <ClCompile Include="Model\Transaction.cpp">
      <Filter>Source Files</Filter>
    </ClCompile>
    <ClCompile Include="Model\Category.cpp">
      <Filter>Source Files</Filter>
    </ClCompile>
    <ClCompile Include="Model\Repositories.cpp">
      <Filter>Source Files</Filter>
    </ClCompile>
    <ClCompile Include="Model\User&amp;Profiles.cpp">
      <Filter>Source Files</Filter>
    </ClCompile>
    <ClCompile Include="View\LoginDialogView.cpp">
      <Filter>Source Files</Filter>
    </ClCompile>
    <ClCompile Include="View\ProfileDialogView.cpp">
      <Filter>Source Files</Filter>
    </ClCompile>
    <ClCompile Include="View\CategorySelectionView.cpp">
      <Filter>Source Files</Filter>
    </ClCompile>
    <ClCompile Include="View\TransactionWindowView.cpp">
      <Filter>Source Files</Filter>
    </ClCompile>
    <ClCompile Include="Model\TransactionBuilder.cpp">
      <Filter>Source Files</Filter>
    </ClCompile>
  </ItemGroup>
  <ItemGroup>
    <ClInclude Include="Model\DatabaseManager.h">
      <Filter>Header Files</Filter>
    </ClInclude>
    <ClInclude Include="Model\Transaction.h">
      <Filter>Header Files</Filter>
    </ClInclude>
    <ClInclude Include="Model\Category.h">
      <Filter>Header Files</Filter>
    </ClInclude>
    <ClInclude Include="Model\Repositories.h">
      <Filter>Header Files</Filter>
    </ClInclude>
    <ClInclude Include="Model\User&amp;Profiles.h">
      <Filter>Header Files</Filter>
    </ClInclude>
    <ClInclude Include="Model\TransactionBuilder.h">
      <Filter>Header Files</Filter>
    </ClInclude>
  </ItemGroup>
  <ItemGroup>
    <QtUic Include="ProfileDialogView.ui">
      <Filter>Ui Files</Filter>
    </QtUic>
    <QtUic Include="LoginDialogView.ui">
      <Filter>Ui Files</Filter>
    </QtUic>
    <QtUic Include="CategorySelectionView.ui" />
    <QtUic Include="TransactionWindowView.ui" />
  </ItemGroup>
  <ItemGroup>
    <QtMoc Include="Controller\Controller.h">
      <Filter>Header Files</Filter>
    </QtMoc>
    <QtMoc Include="View\ProfileDialogView.h">
      <Filter>Header Files</Filter>
    </QtMoc>
    <QtMoc Include="View\LoginDialogView.h">
      <Filter>Header Files</Filter>
    </QtMoc>
    <QtMoc Include="View\TransactionWindowView.h">
      <Filter>Header Files</Filter>
    </QtMoc>
    <QtMoc Include="View\CategorySelectionView.h">
      <Filter>Header Files</Filter>
    </QtMoc>
  </ItemGroup>
</Project>